
Microsoft Visual Studio Solution File, Format Version 12.00
# Visual Studio Version 16
VisualStudioVersion = 16.0.30907.101
MinimumVisualStudioVersion = 10.0.40219.1
Project("{FAE04EC0-301F-11D3-BF4B-00C04F79EFBC}") = "EJERCICIO 4", "EJERCICIO 4.csproj", "{23F4FB7B-D179-4BD8-A28E-E55D523D76D3}"
EndProject
Global
	GlobalSection(SolutionConfigurationPlatforms) = preSolution
		Debug|Any CPU = Debug|Any CPU
		Release|Any CPU = Release|Any CPU
	EndGlobalSection
	GlobalSection(ProjectConfigurationPlatforms) = postSolution
		{23F4FB7B-D179-4BD8-A28E-E55D523D76D3}.Debug|Any CPU.ActiveCfg = Debug|Any CPU
		{23F4FB7B-D179-4BD8-A28E-E55D523D76D3}.Debug|Any CPU.Build.0 = Debug|Any CPU
		{23F4FB7B-D179-4BD8-A28E-E55D523D76D3}.Release|Any CPU.ActiveCfg = Release|Any CPU
		{23F4FB7B-D179-4BD8-A28E-E55D523D76D3}.Release|Any CPU.Build.0 = Release|Any CPU
	EndGlobalSection
	GlobalSection(SolutionProperties) = preSolution
		HideSolutionNode = FALSE
	EndGlobalSection
	GlobalSection(ExtensibilityGlobals) = postSolution
		SolutionGuid = {72853628-CA18-46C1-975D-F9B7D11FED30}
	EndGlobalSection
EndGlobal
