
Microsoft Visual Studio Solution File, Format Version 12.00
# Visual Studio Version 16
VisualStudioVersion = 16.0.30907.101
MinimumVisualStudioVersion = 10.0.40219.1
Project("{FAE04EC0-301F-11D3-BF4B-00C04F79EFBC}") = "EJERCICIO 2", "EJERCICIO 2.csproj", "{EC92E31B-4C26-4727-BFD8-D750A8C15E2F}"
EndProject
Global
	GlobalSection(SolutionConfigurationPlatforms) = preSolution
		Debug|Any CPU = Debug|Any CPU
		Release|Any CPU = Release|Any CPU
	EndGlobalSection
	GlobalSection(ProjectConfigurationPlatforms) = postSolution
		{EC92E31B-4C26-4727-BFD8-D750A8C15E2F}.Debug|Any CPU.ActiveCfg = Debug|Any CPU
		{EC92E31B-4C26-4727-BFD8-D750A8C15E2F}.Debug|Any CPU.Build.0 = Debug|Any CPU
		{EC92E31B-4C26-4727-BFD8-D750A8C15E2F}.Release|Any CPU.ActiveCfg = Release|Any CPU
		{EC92E31B-4C26-4727-BFD8-D750A8C15E2F}.Release|Any CPU.Build.0 = Release|Any CPU
	EndGlobalSection
	GlobalSection(SolutionProperties) = preSolution
		HideSolutionNode = FALSE
	EndGlobalSection
	GlobalSection(ExtensibilityGlobals) = postSolution
		SolutionGuid = {20442801-8FF5-469D-93CB-E0A2E4842B2B}
	EndGlobalSection
EndGlobal
